// !$*UTF8*$!
{
	archiveVersion = 1;
	classes = {
	};
	objectVersion = 50;
	objects = {

/* Begin PBXBuildFile section */
		10546BFCFB0AEAAFE8C9D7EC /* Pods_iFit.framework in Frameworks */ = {isa = PBXBuildFile; fileRef = 04C9C5B0B57EB04678A72B99 /* Pods_iFit.framework */; };
		4912704B2322BD72008FD145 /* AppDelegate.swift in Sources */ = {isa = PBXBuildFile; fileRef = 4912704A2322BD72008FD145 /* AppDelegate.swift */; };
		4912704D2322BD72008FD145 /* ViewController.swift in Sources */ = {isa = PBXBuildFile; fileRef = 4912704C2322BD72008FD145 /* ViewController.swift */; };
		491270502322BD72008FD145 /* Main.storyboard in Resources */ = {isa = PBXBuildFile; fileRef = 4912704E2322BD72008FD145 /* Main.storyboard */; };
		491270522322BD73008FD145 /* Assets.xcassets in Resources */ = {isa = PBXBuildFile; fileRef = 491270512322BD73008FD145 /* Assets.xcassets */; };
		491270552322BD73008FD145 /* LaunchScreen.storyboard in Resources */ = {isa = PBXBuildFile; fileRef = 491270532322BD73008FD145 /* LaunchScreen.storyboard */; };
		4912706D2322C148008FD145 /* IFLabel.swift in Sources */ = {isa = PBXBuildFile; fileRef = 491270642322C148008FD145 /* IFLabel.swift */; };
		4912706E2322C148008FD145 /* IFNavigationBar.swift in Sources */ = {isa = PBXBuildFile; fileRef = 491270662322C148008FD145 /* IFNavigationBar.swift */; };
		4912706F2322C148008FD145 /* IFTableView.swift in Sources */ = {isa = PBXBuildFile; fileRef = 491270682322C148008FD145 /* IFTableView.swift */; };
		491270702322C148008FD145 /* IFTextField.swift in Sources */ = {isa = PBXBuildFile; fileRef = 4912706A2322C148008FD145 /* IFTextField.swift */; };
		491270712322C148008FD145 /* IFButton.swift in Sources */ = {isa = PBXBuildFile; fileRef = 4912706C2322C148008FD145 /* IFButton.swift */; };
		491270742322C210008FD145 /* Extension_UIFont.swift in Sources */ = {isa = PBXBuildFile; fileRef = 491270732322C210008FD145 /* Extension_UIFont.swift */; };
		491270762322C244008FD145 /* Extension_UIColor.swift in Sources */ = {isa = PBXBuildFile; fileRef = 491270752322C243008FD145 /* Extension_UIColor.swift */; };
		491270862322C27F008FD145 /* Roboto-Regular.ttf in Resources */ = {isa = PBXBuildFile; fileRef = 4912707A2322C27F008FD145 /* Roboto-Regular.ttf */; };
		4912708B2322C27F008FD145 /* Roboto-Italic.ttf in Resources */ = {isa = PBXBuildFile; fileRef = 4912707F2322C27F008FD145 /* Roboto-Italic.ttf */; };
		4912708D2322C27F008FD145 /* Roboto-Bold.ttf in Resources */ = {isa = PBXBuildFile; fileRef = 491270812322C27F008FD145 /* Roboto-Bold.ttf */; };
		491270912322C307008FD145 /* Extension_UIView.swift in Sources */ = {isa = PBXBuildFile; fileRef = 491270902322C307008FD145 /* Extension_UIView.swift */; };
		491270972322C479008FD145 /* BaseViewController.swift in Sources */ = {isa = PBXBuildFile; fileRef = 491270962322C479008FD145 /* BaseViewController.swift */; };
		491270992322C70A008FD145 /* ExerciseListViewController.swift in Sources */ = {isa = PBXBuildFile; fileRef = 491270982322C70A008FD145 /* ExerciseListViewController.swift */; };
		4912709B2322C83F008FD145 /* AddExerciseViewController.swift in Sources */ = {isa = PBXBuildFile; fileRef = 4912709A2322C83F008FD145 /* AddExerciseViewController.swift */; };
		491270AB2322E0D2008FD145 /* AddSetPopup.swift in Sources */ = {isa = PBXBuildFile; fileRef = 491270A92322E0D2008FD145 /* AddSetPopup.swift */; };
		491270AC2322E0D2008FD145 /* AddSetPopup.xib in Resources */ = {isa = PBXBuildFile; fileRef = 491270AA2322E0D2008FD145 /* AddSetPopup.xib */; };
		491270AF2322E72F008FD145 /* SetListTableView.swift in Sources */ = {isa = PBXBuildFile; fileRef = 491270AE2322E72F008FD145 /* SetListTableView.swift */; };
		491270B22322E7B5008FD145 /* IFSet.swift in Sources */ = {isa = PBXBuildFile; fileRef = 491270B02322E7B5008FD145 /* IFSet.swift */; };
		491270B32322E7B5008FD145 /* IFExercise.swift in Sources */ = {isa = PBXBuildFile; fileRef = 491270B12322E7B5008FD145 /* IFExercise.swift */; };
		491270B82322E854008FD145 /* SetCell.swift in Sources */ = {isa = PBXBuildFile; fileRef = 491270B62322E854008FD145 /* SetCell.swift */; };
		491270B92322E854008FD145 /* SetCell.xib in Resources */ = {isa = PBXBuildFile; fileRef = 491270B72322E854008FD145 /* SetCell.xib */; };
		491270BC2322EA70008FD145 /* OZEmptyBackgroundView.swift in Sources */ = {isa = PBXBuildFile; fileRef = 491270BB2322EA70008FD145 /* OZEmptyBackgroundView.swift */; };
		491270C12322ECFF008FD145 /* SetListTableHeaderView.xib in Resources */ = {isa = PBXBuildFile; fileRef = 491270BF2322ECFF008FD145 /* SetListTableHeaderView.xib */; };
		491270C22322ECFF008FD145 /* SetListTableHeaderView.swift in Sources */ = {isa = PBXBuildFile; fileRef = 491270C02322ECFF008FD145 /* SetListTableHeaderView.swift */; };
		491270C62322EF84008FD145 /* SetListFooterView.xib in Resources */ = {isa = PBXBuildFile; fileRef = 491270C42322EF84008FD145 /* SetListFooterView.xib */; };
		491270C72322EF84008FD145 /* SetListFooterView.swift in Sources */ = {isa = PBXBuildFile; fileRef = 491270C52322EF84008FD145 /* SetListFooterView.swift */; };
		491270CA2322F3F3008FD145 /* IFAlertView.swift in Sources */ = {isa = PBXBuildFile; fileRef = 491270C92322F3F3008FD145 /* IFAlertView.swift */; };
		491270CC2322F44E008FD145 /* Global.swift in Sources */ = {isa = PBXBuildFile; fileRef = 491270CB2322F44E008FD145 /* Global.swift */; };
		491270CF2322FB6D008FD145 /* IFExerciseManager.swift in Sources */ = {isa = PBXBuildFile; fileRef = 491270CE2322FB6D008FD145 /* IFExerciseManager.swift */; };
		491270D123230DFC008FD145 /* ExerciseListTableView.swift in Sources */ = {isa = PBXBuildFile; fileRef = 491270D023230DFC008FD145 /* ExerciseListTableView.swift */; };
		491270D523230ED3008FD145 /* ExerciseHeaderView.swift in Sources */ = {isa = PBXBuildFile; fileRef = 491270D323230ED3008FD145 /* ExerciseHeaderView.swift */; };
		491270D623230ED3008FD145 /* ExerciseHeaderView.xib in Resources */ = {isa = PBXBuildFile; fileRef = 491270D423230ED3008FD145 /* ExerciseHeaderView.xib */; };
/* End PBXBuildFile section */

/* Begin PBXFileReference section */
		04C9C5B0B57EB04678A72B99 /* Pods_iFit.framework */ = {isa = PBXFileReference; explicitFileType = wrapper.framework; includeInIndex = 0; path = Pods_iFit.framework; sourceTree = BUILT_PRODUCTS_DIR; };
		491270472322BD72008FD145 /* iFit.app */ = {isa = PBXFileReference; explicitFileType = wrapper.application; includeInIndex = 0; path = iFit.app; sourceTree = BUILT_PRODUCTS_DIR; };
		4912704A2322BD72008FD145 /* AppDelegate.swift */ = {isa = PBXFileReference; lastKnownFileType = sourcecode.swift; path = AppDelegate.swift; sourceTree = "<group>"; };
		4912704C2322BD72008FD145 /* ViewController.swift */ = {isa = PBXFileReference; lastKnownFileType = sourcecode.swift; path = ViewController.swift; sourceTree = "<group>"; };
		4912704F2322BD72008FD145 /* Base */ = {isa = PBXFileReference; lastKnownFileType = file.storyboard; name = Base; path = Base.lproj/Main.storyboard; sourceTree = "<group>"; };
		491270512322BD73008FD145 /* Assets.xcassets */ = {isa = PBXFileReference; lastKnownFileType = folder.assetcatalog; path = Assets.xcassets; sourceTree = "<group>"; };
		491270542322BD73008FD145 /* Base */ = {isa = PBXFileReference; lastKnownFileType = file.storyboard; name = Base; path = Base.lproj/LaunchScreen.storyboard; sourceTree = "<group>"; };
		491270562322BD73008FD145 /* Info.plist */ = {isa = PBXFileReference; lastKnownFileType = text.plist.xml; path = Info.plist; sourceTree = "<group>"; };
		491270642322C148008FD145 /* IFLabel.swift */ = {isa = PBXFileReference; fileEncoding = 4; lastKnownFileType = sourcecode.swift; path = IFLabel.swift; sourceTree = "<group>"; };
		491270662322C148008FD145 /* IFNavigationBar.swift */ = {isa = PBXFileReference; fileEncoding = 4; lastKnownFileType = sourcecode.swift; path = IFNavigationBar.swift; sourceTree = "<group>"; };
		491270682322C148008FD145 /* IFTableView.swift */ = {isa = PBXFileReference; fileEncoding = 4; lastKnownFileType = sourcecode.swift; path = IFTableView.swift; sourceTree = "<group>"; };
		4912706A2322C148008FD145 /* IFTextField.swift */ = {isa = PBXFileReference; fileEncoding = 4; lastKnownFileType = sourcecode.swift; path = IFTextField.swift; sourceTree = "<group>"; };
		4912706C2322C148008FD145 /* IFButton.swift */ = {isa = PBXFileReference; fileEncoding = 4; lastKnownFileType = sourcecode.swift; path = IFButton.swift; sourceTree = "<group>"; };
		491270732322C210008FD145 /* Extension_UIFont.swift */ = {isa = PBXFileReference; fileEncoding = 4; lastKnownFileType = sourcecode.swift; path = Extension_UIFont.swift; sourceTree = "<group>"; };
		491270752322C243008FD145 /* Extension_UIColor.swift */ = {isa = PBXFileReference; fileEncoding = 4; lastKnownFileType = sourcecode.swift; path = Extension_UIColor.swift; sourceTree = "<group>"; };
		4912707A2322C27F008FD145 /* Roboto-Regular.ttf */ = {isa = PBXFileReference; lastKnownFileType = file; path = "Roboto-Regular.ttf"; sourceTree = "<group>"; };
		4912707F2322C27F008FD145 /* Roboto-Italic.ttf */ = {isa = PBXFileReference; lastKnownFileType = file; path = "Roboto-Italic.ttf"; sourceTree = "<group>"; };
		491270812322C27F008FD145 /* Roboto-Bold.ttf */ = {isa = PBXFileReference; lastKnownFileType = file; path = "Roboto-Bold.ttf"; sourceTree = "<group>"; };
		491270902322C307008FD145 /* Extension_UIView.swift */ = {isa = PBXFileReference; lastKnownFileType = sourcecode.swift; path = Extension_UIView.swift; sourceTree = "<group>"; };
		491270962322C479008FD145 /* BaseViewController.swift */ = {isa = PBXFileReference; lastKnownFileType = sourcecode.swift; path = BaseViewController.swift; sourceTree = "<group>"; };
		491270982322C70A008FD145 /* ExerciseListViewController.swift */ = {isa = PBXFileReference; lastKnownFileType = sourcecode.swift; path = ExerciseListViewController.swift; sourceTree = "<group>"; };
		4912709A2322C83F008FD145 /* AddExerciseViewController.swift */ = {isa = PBXFileReference; lastKnownFileType = sourcecode.swift; path = AddExerciseViewController.swift; sourceTree = "<group>"; };
		491270A92322E0D2008FD145 /* AddSetPopup.swift */ = {isa = PBXFileReference; fileEncoding = 4; lastKnownFileType = sourcecode.swift; path = AddSetPopup.swift; sourceTree = "<group>"; };
		491270AA2322E0D2008FD145 /* AddSetPopup.xib */ = {isa = PBXFileReference; fileEncoding = 4; lastKnownFileType = file.xib; path = AddSetPopup.xib; sourceTree = "<group>"; };
		491270AE2322E72F008FD145 /* SetListTableView.swift */ = {isa = PBXFileReference; lastKnownFileType = sourcecode.swift; path = SetListTableView.swift; sourceTree = "<group>"; };
		491270B02322E7B5008FD145 /* IFSet.swift */ = {isa = PBXFileReference; fileEncoding = 4; lastKnownFileType = sourcecode.swift; path = IFSet.swift; sourceTree = "<group>"; };
		491270B12322E7B5008FD145 /* IFExercise.swift */ = {isa = PBXFileReference; fileEncoding = 4; lastKnownFileType = sourcecode.swift; path = IFExercise.swift; sourceTree = "<group>"; };
		491270B62322E854008FD145 /* SetCell.swift */ = {isa = PBXFileReference; lastKnownFileType = sourcecode.swift; path = SetCell.swift; sourceTree = "<group>"; };
		491270B72322E854008FD145 /* SetCell.xib */ = {isa = PBXFileReference; lastKnownFileType = file.xib; path = SetCell.xib; sourceTree = "<group>"; };
		491270BB2322EA70008FD145 /* OZEmptyBackgroundView.swift */ = {isa = PBXFileReference; fileEncoding = 4; lastKnownFileType = sourcecode.swift; path = OZEmptyBackgroundView.swift; sourceTree = "<group>"; };
		491270BF2322ECFF008FD145 /* SetListTableHeaderView.xib */ = {isa = PBXFileReference; fileEncoding = 4; lastKnownFileType = file.xib; path = SetListTableHeaderView.xib; sourceTree = "<group>"; };
		491270C02322ECFF008FD145 /* SetListTableHeaderView.swift */ = {isa = PBXFileReference; fileEncoding = 4; lastKnownFileType = sourcecode.swift; path = SetListTableHeaderView.swift; sourceTree = "<group>"; };
		491270C42322EF84008FD145 /* SetListFooterView.xib */ = {isa = PBXFileReference; fileEncoding = 4; lastKnownFileType = file.xib; path = SetListFooterView.xib; sourceTree = "<group>"; };
		491270C52322EF84008FD145 /* SetListFooterView.swift */ = {isa = PBXFileReference; fileEncoding = 4; lastKnownFileType = sourcecode.swift; path = SetListFooterView.swift; sourceTree = "<group>"; };
		491270C92322F3F3008FD145 /* IFAlertView.swift */ = {isa = PBXFileReference; lastKnownFileType = sourcecode.swift; path = IFAlertView.swift; sourceTree = "<group>"; };
		491270CB2322F44E008FD145 /* Global.swift */ = {isa = PBXFileReference; fileEncoding = 4; lastKnownFileType = sourcecode.swift; path = Global.swift; sourceTree = "<group>"; };
		491270CE2322FB6D008FD145 /* IFExerciseManager.swift */ = {isa = PBXFileReference; fileEncoding = 4; lastKnownFileType = sourcecode.swift; path = IFExerciseManager.swift; sourceTree = "<group>"; };
		491270D023230DFC008FD145 /* ExerciseListTableView.swift */ = {isa = PBXFileReference; lastKnownFileType = sourcecode.swift; path = ExerciseListTableView.swift; sourceTree = "<group>"; };
		491270D323230ED3008FD145 /* ExerciseHeaderView.swift */ = {isa = PBXFileReference; fileEncoding = 4; lastKnownFileType = sourcecode.swift; path = ExerciseHeaderView.swift; sourceTree = "<group>"; };
		491270D423230ED3008FD145 /* ExerciseHeaderView.xib */ = {isa = PBXFileReference; fileEncoding = 4; lastKnownFileType = file.xib; path = ExerciseHeaderView.xib; sourceTree = "<group>"; };
		69749ECDF5CD39F02F5AD561 /* Pods-iFit.debug.xcconfig */ = {isa = PBXFileReference; includeInIndex = 1; lastKnownFileType = text.xcconfig; name = "Pods-iFit.debug.xcconfig"; path = "Pods/Target Support Files/Pods-iFit/Pods-iFit.debug.xcconfig"; sourceTree = "<group>"; };
		BD49A51830D57C6F6A088877 /* Pods-iFit.release.xcconfig */ = {isa = PBXFileReference; includeInIndex = 1; lastKnownFileType = text.xcconfig; name = "Pods-iFit.release.xcconfig"; path = "Pods/Target Support Files/Pods-iFit/Pods-iFit.release.xcconfig"; sourceTree = "<group>"; };
/* End PBXFileReference section */

/* Begin PBXFrameworksBuildPhase section */
		491270442322BD72008FD145 /* Frameworks */ = {
			isa = PBXFrameworksBuildPhase;
			buildActionMask = 2147483647;
			files = (
				10546BFCFB0AEAAFE8C9D7EC /* Pods_iFit.framework in Frameworks */,
			);
			runOnlyForDeploymentPostprocessing = 0;
		};
/* End PBXFrameworksBuildPhase section */

/* Begin PBXGroup section */
		17AC4615B8E797A33C462D4B /* Pods */ = {
			isa = PBXGroup;
			children = (
				69749ECDF5CD39F02F5AD561 /* Pods-iFit.debug.xcconfig */,
				BD49A51830D57C6F6A088877 /* Pods-iFit.release.xcconfig */,
			);
			name = Pods;
			sourceTree = "<group>";
		};
		4912703E2322BD72008FD145 = {
			isa = PBXGroup;
			children = (
				491270492322BD72008FD145 /* iFit */,
				491270482322BD72008FD145 /* Products */,
				17AC4615B8E797A33C462D4B /* Pods */,
				4FFAE6C2DCB999E149565654 /* Frameworks */,
			);
			sourceTree = "<group>";
		};
		491270482322BD72008FD145 /* Products */ = {
			isa = PBXGroup;
			children = (
				491270472322BD72008FD145 /* iFit.app */,
			);
			name = Products;
			sourceTree = "<group>";
		};
		491270492322BD72008FD145 /* iFit */ = {
			isa = PBXGroup;
			children = (
				491270602322BDE0008FD145 /* Asserts */,
				4912705F2322BDDB008FD145 /* Model */,
				4912705E2322BDCE008FD145 /* View */,
				4912705D2322BD8B008FD145 /* Utility */,
				4912705C2322BD83008FD145 /* ViewController */,
				4912704A2322BD72008FD145 /* AppDelegate.swift */,
				4912704C2322BD72008FD145 /* ViewController.swift */,
				4912704E2322BD72008FD145 /* Main.storyboard */,
				491270512322BD73008FD145 /* Assets.xcassets */,
				491270532322BD73008FD145 /* LaunchScreen.storyboard */,
				491270562322BD73008FD145 /* Info.plist */,
			);
			path = iFit;
			sourceTree = "<group>";
		};
		4912705C2322BD83008FD145 /* ViewController */ = {
			isa = PBXGroup;
			children = (
				491270952322C41E008FD145 /* AddExerciseViewController */,
				491270942322C3E4008FD145 /* ExerciseListViewController */,
				491270922322C3BC008FD145 /* BaseViewController */,
			);
			path = ViewController;
			sourceTree = "<group>";
		};
		4912705D2322BD8B008FD145 /* Utility */ = {
			isa = PBXGroup;
			children = (
				491270CD2322FB6D008FD145 /* Helper */,
				491270722322C1EC008FD145 /* Extension */,
			);
			path = Utility;
			sourceTree = "<group>";
		};
		4912705E2322BDCE008FD145 /* View */ = {
			isa = PBXGroup;
			children = (
				491270622322BE09008FD145 /* BasicControl */,
				491270612322BDF2008FD145 /* CustomControl */,
			);
			path = View;
			sourceTree = "<group>";
		};
		4912705F2322BDDB008FD145 /* Model */ = {
			isa = PBXGroup;
			children = (
				491270CB2322F44E008FD145 /* Global.swift */,
				491270B12322E7B5008FD145 /* IFExercise.swift */,
				491270B02322E7B5008FD145 /* IFSet.swift */,
			);
			path = Model;
			sourceTree = "<group>";
		};
		491270602322BDE0008FD145 /* Asserts */ = {
			isa = PBXGroup;
			children = (
				491270772322C27F008FD145 /* Fonts */,
			);
			path = Asserts;
			sourceTree = "<group>";
		};
		491270612322BDF2008FD145 /* CustomControl */ = {
			isa = PBXGroup;
			children = (
				491270C82322F3E3008FD145 /* IFAlertView */,
				491270BD2322EC4C008FD145 /* TableViewHeaderView */,
				491270BA2322EA57008FD145 /* TableViewBackground */,
				491270B42322E7FC008FD145 /* TableViewCell */,
				491270AD2322E6F3008FD145 /* TableView */,
				491270A82322E0D2008FD145 /* AddSetPopup */,
			);
			path = CustomControl;
			sourceTree = "<group>";
		};
		491270622322BE09008FD145 /* BasicControl */ = {
			isa = PBXGroup;
			children = (
				4912706B2322C148008FD145 /* IFButton */,
				491270632322C148008FD145 /* IFLabel */,
				491270652322C148008FD145 /* IFNavigationBar */,
				491270672322C148008FD145 /* IFTableView */,
				491270692322C148008FD145 /* IFTextField */,
			);
			path = BasicControl;
			sourceTree = "<group>";
		};
		491270632322C148008FD145 /* IFLabel */ = {
			isa = PBXGroup;
			children = (
				491270642322C148008FD145 /* IFLabel.swift */,
			);
			path = IFLabel;
			sourceTree = "<group>";
		};
		491270652322C148008FD145 /* IFNavigationBar */ = {
			isa = PBXGroup;
			children = (
				491270662322C148008FD145 /* IFNavigationBar.swift */,
			);
			path = IFNavigationBar;
			sourceTree = "<group>";
		};
		491270672322C148008FD145 /* IFTableView */ = {
			isa = PBXGroup;
			children = (
				491270682322C148008FD145 /* IFTableView.swift */,
			);
			path = IFTableView;
			sourceTree = "<group>";
		};
		491270692322C148008FD145 /* IFTextField */ = {
			isa = PBXGroup;
			children = (
				4912706A2322C148008FD145 /* IFTextField.swift */,
			);
			path = IFTextField;
			sourceTree = "<group>";
		};
		4912706B2322C148008FD145 /* IFButton */ = {
			isa = PBXGroup;
			children = (
				4912706C2322C148008FD145 /* IFButton.swift */,
			);
			path = IFButton;
			sourceTree = "<group>";
		};
		491270722322C1EC008FD145 /* Extension */ = {
			isa = PBXGroup;
			children = (
				491270752322C243008FD145 /* Extension_UIColor.swift */,
				491270732322C210008FD145 /* Extension_UIFont.swift */,
				491270902322C307008FD145 /* Extension_UIView.swift */,
			);
			path = Extension;
			sourceTree = "<group>";
		};
		491270772322C27F008FD145 /* Fonts */ = {
			isa = PBXGroup;
			children = (
				4912707A2322C27F008FD145 /* Roboto-Regular.ttf */,
				4912707F2322C27F008FD145 /* Roboto-Italic.ttf */,
				491270812322C27F008FD145 /* Roboto-Bold.ttf */,
			);
			path = Fonts;
			sourceTree = "<group>";
		};
		491270922322C3BC008FD145 /* BaseViewController */ = {
			isa = PBXGroup;
			children = (
				491270962322C479008FD145 /* BaseViewController.swift */,
			);
			path = BaseViewController;
			sourceTree = "<group>";
		};
		491270942322C3E4008FD145 /* ExerciseListViewController */ = {
			isa = PBXGroup;
			children = (
				491270982322C70A008FD145 /* ExerciseListViewController.swift */,
			);
			path = ExerciseListViewController;
			sourceTree = "<group>";
		};
		491270952322C41E008FD145 /* AddExerciseViewController */ = {
			isa = PBXGroup;
			children = (
				4912709A2322C83F008FD145 /* AddExerciseViewController.swift */,
			);
			path = AddExerciseViewController;
			sourceTree = "<group>";
		};
		491270A82322E0D2008FD145 /* AddSetPopup */ = {
			isa = PBXGroup;
			children = (
				491270A92322E0D2008FD145 /* AddSetPopup.swift */,
				491270AA2322E0D2008FD145 /* AddSetPopup.xib */,
			);
			path = AddSetPopup;
			sourceTree = "<group>";
		};
		491270AD2322E6F3008FD145 /* TableView */ = {
			isa = PBXGroup;
			children = (
				491270AE2322E72F008FD145 /* SetListTableView.swift */,
				491270D023230DFC008FD145 /* ExerciseListTableView.swift */,
			);
			path = TableView;
			sourceTree = "<group>";
		};
		491270B42322E7FC008FD145 /* TableViewCell */ = {
			isa = PBXGroup;
			children = (
				491270B52322E831008FD145 /* SetCell */,
			);
			path = TableViewCell;
			sourceTree = "<group>";
		};
		491270B52322E831008FD145 /* SetCell */ = {
			isa = PBXGroup;
			children = (
				491270B62322E854008FD145 /* SetCell.swift */,
				491270B72322E854008FD145 /* SetCell.xib */,
			);
			path = SetCell;
			sourceTree = "<group>";
		};
		491270BA2322EA57008FD145 /* TableViewBackground */ = {
			isa = PBXGroup;
			children = (
				491270BB2322EA70008FD145 /* OZEmptyBackgroundView.swift */,
			);
			path = TableViewBackground;
			sourceTree = "<group>";
		};
		491270BD2322EC4C008FD145 /* TableViewHeaderView */ = {
			isa = PBXGroup;
			children = (
				491270D223230ED2008FD145 /* ExerciseHeaderView */,
				491270C32322EF84008FD145 /* SetListFooterView */,
				491270BE2322EC58008FD145 /* SetListHeaderView */,
			);
			path = TableViewHeaderView;
			sourceTree = "<group>";
		};
		491270BE2322EC58008FD145 /* SetListHeaderView */ = {
			isa = PBXGroup;
			children = (
				491270C02322ECFF008FD145 /* SetListTableHeaderView.swift */,
				491270BF2322ECFF008FD145 /* SetListTableHeaderView.xib */,
			);
			path = SetListHeaderView;
			sourceTree = "<group>";
		};
		491270C32322EF84008FD145 /* SetListFooterView */ = {
			isa = PBXGroup;
			children = (
				491270C52322EF84008FD145 /* SetListFooterView.swift */,
				491270C42322EF84008FD145 /* SetListFooterView.xib */,
			);
			path = SetListFooterView;
			sourceTree = "<group>";
		};
		491270C82322F3E3008FD145 /* IFAlertView */ = {
			isa = PBXGroup;
			children = (
				491270C92322F3F3008FD145 /* IFAlertView.swift */,
			);
			path = IFAlertView;
			sourceTree = "<group>";
		};
		491270CD2322FB6D008FD145 /* Helper */ = {
			isa = PBXGroup;
			children = (
				491270CE2322FB6D008FD145 /* IFExerciseManager.swift */,
			);
			path = Helper;
			sourceTree = "<group>";
		};
		491270D223230ED2008FD145 /* ExerciseHeaderView */ = {
			isa = PBXGroup;
			children = (
				491270D323230ED3008FD145 /* ExerciseHeaderView.swift */,
				491270D423230ED3008FD145 /* ExerciseHeaderView.xib */,
			);
			path = ExerciseHeaderView;
			sourceTree = "<group>";
		};
		4FFAE6C2DCB999E149565654 /* Frameworks */ = {
			isa = PBXGroup;
			children = (
				04C9C5B0B57EB04678A72B99 /* Pods_iFit.framework */,
			);
			name = Frameworks;
			sourceTree = "<group>";
		};
/* End PBXGroup section */

/* Begin PBXNativeTarget section */
		491270462322BD72008FD145 /* iFit */ = {
			isa = PBXNativeTarget;
			buildConfigurationList = 491270592322BD73008FD145 /* Build configuration list for PBXNativeTarget "iFit" */;
			buildPhases = (
				461ECAD652362EB0B5E3B8ED /* [CP] Check Pods Manifest.lock */,
				491270432322BD72008FD145 /* Sources */,
				491270442322BD72008FD145 /* Frameworks */,
				491270452322BD72008FD145 /* Resources */,
				744A5000BD44FB1243A94C09 /* [CP] Embed Pods Frameworks */,
			);
			buildRules = (
			);
			dependencies = (
			);
			name = iFit;
			productName = iFit;
			productReference = 491270472322BD72008FD145 /* iFit.app */;
			productType = "com.apple.product-type.application";
		};
/* End PBXNativeTarget section */

/* Begin PBXProject section */
		4912703F2322BD72008FD145 /* Project object */ = {
			isa = PBXProject;
			attributes = {
				LastSwiftUpdateCheck = 1020;
				LastUpgradeCheck = 1020;
				ORGANIZATIONNAME = "Urvish Patel";
				TargetAttributes = {
					491270462322BD72008FD145 = {
						CreatedOnToolsVersion = 10.2;
					};
				};
			};
			buildConfigurationList = 491270422322BD72008FD145 /* Build configuration list for PBXProject "iFit" */;
			compatibilityVersion = "Xcode 9.3";
			developmentRegion = en;
			hasScannedForEncodings = 0;
			knownRegions = (
				en,
				Base,
			);
			mainGroup = 4912703E2322BD72008FD145;
			productRefGroup = 491270482322BD72008FD145 /* Products */;
			projectDirPath = "";
			projectRoot = "";
			targets = (
				491270462322BD72008FD145 /* iFit */,
			);
		};
/* End PBXProject section */

/* Begin PBXResourcesBuildPhase section */
		491270452322BD72008FD145 /* Resources */ = {
			isa = PBXResourcesBuildPhase;
			buildActionMask = 2147483647;
			files = (
				491270B92322E854008FD145 /* SetCell.xib in Resources */,
				4912708D2322C27F008FD145 /* Roboto-Bold.ttf in Resources */,
				491270C12322ECFF008FD145 /* SetListTableHeaderView.xib in Resources */,
				491270862322C27F008FD145 /* Roboto-Regular.ttf in Resources */,
				491270C62322EF84008FD145 /* SetListFooterView.xib in Resources */,
				491270D623230ED3008FD145 /* ExerciseHeaderView.xib in Resources */,
				491270552322BD73008FD145 /* LaunchScreen.storyboard in Resources */,
				491270522322BD73008FD145 /* Assets.xcassets in Resources */,
				491270AC2322E0D2008FD145 /* AddSetPopup.xib in Resources */,
				4912708B2322C27F008FD145 /* Roboto-Italic.ttf in Resources */,
				491270502322BD72008FD145 /* Main.storyboard in Resources */,
			);
			runOnlyForDeploymentPostprocessing = 0;
		};
/* End PBXResourcesBuildPhase section */

/* Begin PBXShellScriptBuildPhase section */
		461ECAD652362EB0B5E3B8ED /* [CP] Check Pods Manifest.lock */ = {
			isa = PBXShellScriptBuildPhase;
			buildActionMask = 2147483647;
			files = (
			);
			inputFileListPaths = (
			);
			inputPaths = (
				"${PODS_PODFILE_DIR_PATH}/Podfile.lock",
				"${PODS_ROOT}/Manifest.lock",
			);
			name = "[CP] Check Pods Manifest.lock";
			outputFileListPaths = (
			);
			outputPaths = (
				"$(DERIVED_FILE_DIR)/Pods-iFit-checkManifestLockResult.txt",
			);
			runOnlyForDeploymentPostprocessing = 0;
			shellPath = /bin/sh;
			shellScript = "diff \"${PODS_PODFILE_DIR_PATH}/Podfile.lock\" \"${PODS_ROOT}/Manifest.lock\" > /dev/null\nif [ $? != 0 ] ; then\n    # print error to STDERR\n    echo \"error: The sandbox is not in sync with the Podfile.lock. Run 'pod install' or update your CocoaPods installation.\" >&2\n    exit 1\nfi\n# This output is used by Xcode 'outputs' to avoid re-running this script phase.\necho \"SUCCESS\" > \"${SCRIPT_OUTPUT_FILE_0}\"\n";
			showEnvVarsInLog = 0;
		};
		744A5000BD44FB1243A94C09 /* [CP] Embed Pods Frameworks */ = {
			isa = PBXShellScriptBuildPhase;
			buildActionMask = 2147483647;
			files = (
			);
			inputFileListPaths = (
			);
			inputPaths = (
				"${SRCROOT}/Pods/Target Support Files/Pods-iFit/Pods-iFit-frameworks.sh",
				"${BUILT_PRODUCTS_DIR}/DynamicBlurView/DynamicBlurView.framework",
				"${BUILT_PRODUCTS_DIR}/IQKeyboardManagerSwift/IQKeyboardManagerSwift.framework",
				"${BUILT_PRODUCTS_DIR}/PopupDialog/PopupDialog.framework",
				"${BUILT_PRODUCTS_DIR}/PureLayout/PureLayout.framework",
			);
			name = "[CP] Embed Pods Frameworks";
			outputFileListPaths = (
			);
			outputPaths = (
				"${TARGET_BUILD_DIR}/${FRAMEWORKS_FOLDER_PATH}/DynamicBlurView.framework",
				"${TARGET_BUILD_DIR}/${FRAMEWORKS_FOLDER_PATH}/IQKeyboardManagerSwift.framework",
				"${TARGET_BUILD_DIR}/${FRAMEWORKS_FOLDER_PATH}/PopupDialog.framework",
				"${TARGET_BUILD_DIR}/${FRAMEWORKS_FOLDER_PATH}/PureLayout.framework",
			);
			runOnlyForDeploymentPostprocessing = 0;
			shellPath = /bin/sh;
			shellScript = "\"${SRCROOT}/Pods/Target Support Files/Pods-iFit/Pods-iFit-frameworks.sh\"\n";
			showEnvVarsInLog = 0;
		};
/* End PBXShellScriptBuildPhase section */

/* Begin PBXSourcesBuildPhase section */
		491270432322BD72008FD145 /* Sources */ = {
			isa = PBXSourcesBuildPhase;
			buildActionMask = 2147483647;
			files = (
				491270C72322EF84008FD145 /* SetListFooterView.swift in Sources */,
				491270992322C70A008FD145 /* ExerciseListViewController.swift in Sources */,
				491270B22322E7B5008FD145 /* IFSet.swift in Sources */,
				491270D523230ED3008FD145 /* ExerciseHeaderView.swift in Sources */,
				4912706E2322C148008FD145 /* IFNavigationBar.swift in Sources */,
				491270BC2322EA70008FD145 /* OZEmptyBackgroundView.swift in Sources */,
				491270712322C148008FD145 /* IFButton.swift in Sources */,
				491270972322C479008FD145 /* BaseViewController.swift in Sources */,
				491270CC2322F44E008FD145 /* Global.swift in Sources */,
				491270742322C210008FD145 /* Extension_UIFont.swift in Sources */,
				4912704D2322BD72008FD145 /* ViewController.swift in Sources */,
				491270762322C244008FD145 /* Extension_UIColor.swift in Sources */,
				491270B82322E854008FD145 /* SetCell.swift in Sources */,
				491270CF2322FB6D008FD145 /* IFExerciseManager.swift in Sources */,
				491270702322C148008FD145 /* IFTextField.swift in Sources */,
				491270912322C307008FD145 /* Extension_UIView.swift in Sources */,
				491270AB2322E0D2008FD145 /* AddSetPopup.swift in Sources */,
				4912706F2322C148008FD145 /* IFTableView.swift in Sources */,
				4912706D2322C148008FD145 /* IFLabel.swift in Sources */,
				4912709B2322C83F008FD145 /* AddExerciseViewController.swift in Sources */,
				491270AF2322E72F008FD145 /* SetListTableView.swift in Sources */,
				491270D123230DFC008FD145 /* ExerciseListTableView.swift in Sources */,
				491270CA2322F3F3008FD145 /* IFAlertView.swift in Sources */,
				4912704B2322BD72008FD145 /* AppDelegate.swift in Sources */,
				491270B32322E7B5008FD145 /* IFExercise.swift in Sources */,
				491270C22322ECFF008FD145 /* SetListTableHeaderView.swift in Sources */,
			);
			runOnlyForDeploymentPostprocessing = 0;
		};
/* End PBXSourcesBuildPhase section */

/* Begin PBXVariantGroup section */
		4912704E2322BD72008FD145 /* Main.storyboard */ = {
			isa = PBXVariantGroup;
			children = (
				4912704F2322BD72008FD145 /* Base */,
			);
			name = Main.storyboard;
			sourceTree = "<group>";
		};
		491270532322BD73008FD145 /* LaunchScreen.storyboard */ = {
			isa = PBXVariantGroup;
			children = (
				491270542322BD73008FD145 /* Base */,
			);
			name = LaunchScreen.storyboard;
			sourceTree = "<group>";
		};
/* End PBXVariantGroup section */

/* Begin XCBuildConfiguration section */
		491270572322BD73008FD145 /* Debug */ = {
			isa = XCBuildConfiguration;
			buildSettings = {
				ALWAYS_SEARCH_USER_PATHS = NO;
				CLANG_ANALYZER_NONNULL = YES;
				CLANG_ANALYZER_NUMBER_OBJECT_CONVERSION = YES_AGGRESSIVE;
				CLANG_CXX_LANGUAGE_STANDARD = "gnu++14";
				CLANG_CXX_LIBRARY = "libc++";
				CLANG_ENABLE_MODULES = YES;
				CLANG_ENABLE_OBJC_ARC = YES;
				CLANG_ENABLE_OBJC_WEAK = YES;
				CLANG_WARN_BLOCK_CAPTURE_AUTORELEASING = YES;
				CLANG_WARN_BOOL_CONVERSION = YES;
				CLANG_WARN_COMMA = YES;
				CLANG_WARN_CONSTANT_CONVERSION = YES;
				CLANG_WARN_DEPRECATED_OBJC_IMPLEMENTATIONS = YES;
				CLANG_WARN_DIRECT_OBJC_ISA_USAGE = YES_ERROR;
				CLANG_WARN_DOCUMENTATION_COMMENTS = YES;
				CLANG_WARN_EMPTY_BODY = YES;
				CLANG_WARN_ENUM_CONVERSION = YES;
				CLANG_WARN_INFINITE_RECURSION = YES;
				CLANG_WARN_INT_CONVERSION = YES;
				CLANG_WARN_NON_LITERAL_NULL_CONVERSION = YES;
				CLANG_WARN_OBJC_IMPLICIT_RETAIN_SELF = YES;
				CLANG_WARN_OBJC_LITERAL_CONVERSION = YES;
				CLANG_WARN_OBJC_ROOT_CLASS = YES_ERROR;
				CLANG_WARN_RANGE_LOOP_ANALYSIS = YES;
				CLANG_WARN_STRICT_PROTOTYPES = YES;
				CLANG_WARN_SUSPICIOUS_MOVE = YES;
				CLANG_WARN_UNGUARDED_AVAILABILITY = YES_AGGRESSIVE;
				CLANG_WARN_UNREACHABLE_CODE = YES;
				CLANG_WARN__DUPLICATE_METHOD_MATCH = YES;
				CODE_SIGN_IDENTITY = "iPhone Developer";
				COPY_PHASE_STRIP = NO;
				DEBUG_INFORMATION_FORMAT = dwarf;
				ENABLE_STRICT_OBJC_MSGSEND = YES;
				ENABLE_TESTABILITY = YES;
				GCC_C_LANGUAGE_STANDARD = gnu11;
				GCC_DYNAMIC_NO_PIC = NO;
				GCC_NO_COMMON_BLOCKS = YES;
				GCC_OPTIMIZATION_LEVEL = 0;
				GCC_PREPROCESSOR_DEFINITIONS = (
					"DEBUG=1",
					"$(inherited)",
				);
				GCC_WARN_64_TO_32_BIT_CONVERSION = YES;
				GCC_WARN_ABOUT_RETURN_TYPE = YES_ERROR;
				GCC_WARN_UNDECLARED_SELECTOR = YES;
				GCC_WARN_UNINITIALIZED_AUTOS = YES_AGGRESSIVE;
				GCC_WARN_UNUSED_FUNCTION = YES;
				GCC_WARN_UNUSED_VARIABLE = YES;
				IPHONEOS_DEPLOYMENT_TARGET = 12.2;
				MTL_ENABLE_DEBUG_INFO = INCLUDE_SOURCE;
				MTL_FAST_MATH = YES;
				ONLY_ACTIVE_ARCH = YES;
				SDKROOT = iphoneos;
				SWIFT_ACTIVE_COMPILATION_CONDITIONS = DEBUG;
				SWIFT_OPTIMIZATION_LEVEL = "-Onone";
			};
			name = Debug;
		};
		491270582322BD73008FD145 /* Release */ = {
			isa = XCBuildConfiguration;
			buildSettings = {
				ALWAYS_SEARCH_USER_PATHS = NO;
				CLANG_ANALYZER_NONNULL = YES;
				CLANG_ANALYZER_NUMBER_OBJECT_CONVERSION = YES_AGGRESSIVE;
				CLANG_CXX_LANGUAGE_STANDARD = "gnu++14";
				CLANG_CXX_LIBRARY = "libc++";
				CLANG_ENABLE_MODULES = YES;
				CLANG_ENABLE_OBJC_ARC = YES;
				CLANG_ENABLE_OBJC_WEAK = YES;
				CLANG_WARN_BLOCK_CAPTURE_AUTORELEASING = YES;
				CLANG_WARN_BOOL_CONVERSION = YES;
				CLANG_WARN_COMMA = YES;
				CLANG_WARN_CONSTANT_CONVERSION = YES;
				CLANG_WARN_DEPRECATED_OBJC_IMPLEMENTATIONS = YES;
				CLANG_WARN_DIRECT_OBJC_ISA_USAGE = YES_ERROR;
				CLANG_WARN_DOCUMENTATION_COMMENTS = YES;
				CLANG_WARN_EMPTY_BODY = YES;
				CLANG_WARN_ENUM_CONVERSION = YES;
				CLANG_WARN_INFINITE_RECURSION = YES;
				CLANG_WARN_INT_CONVERSION = YES;
				CLANG_WARN_NON_LITERAL_NULL_CONVERSION = YES;
				CLANG_WARN_OBJC_IMPLICIT_RETAIN_SELF = YES;
				CLANG_WARN_OBJC_LITERAL_CONVERSION = YES;
				CLANG_WARN_OBJC_ROOT_CLASS = YES_ERROR;
				CLANG_WARN_RANGE_LOOP_ANALYSIS = YES;
				CLANG_WARN_STRICT_PROTOTYPES = YES;
				CLANG_WARN_SUSPICIOUS_MOVE = YES;
				CLANG_WARN_UNGUARDED_AVAILABILITY = YES_AGGRESSIVE;
				CLANG_WARN_UNREACHABLE_CODE = YES;
				CLANG_WARN__DUPLICATE_METHOD_MATCH = YES;
				CODE_SIGN_IDENTITY = "iPhone Developer";
				COPY_PHASE_STRIP = NO;
				DEBUG_INFORMATION_FORMAT = "dwarf-with-dsym";
				ENABLE_NS_ASSERTIONS = NO;
				ENABLE_STRICT_OBJC_MSGSEND = YES;
				GCC_C_LANGUAGE_STANDARD = gnu11;
				GCC_NO_COMMON_BLOCKS = YES;
				GCC_WARN_64_TO_32_BIT_CONVERSION = YES;
				GCC_WARN_ABOUT_RETURN_TYPE = YES_ERROR;
				GCC_WARN_UNDECLARED_SELECTOR = YES;
				GCC_WARN_UNINITIALIZED_AUTOS = YES_AGGRESSIVE;
				GCC_WARN_UNUSED_FUNCTION = YES;
				GCC_WARN_UNUSED_VARIABLE = YES;
				IPHONEOS_DEPLOYMENT_TARGET = 12.2;
				MTL_ENABLE_DEBUG_INFO = NO;
				MTL_FAST_MATH = YES;
				SDKROOT = iphoneos;
				SWIFT_COMPILATION_MODE = wholemodule;
				SWIFT_OPTIMIZATION_LEVEL = "-O";
				VALIDATE_PRODUCT = YES;
			};
			name = Release;
		};
		4912705A2322BD73008FD145 /* Debug */ = {
			isa = XCBuildConfiguration;
			baseConfigurationReference = 69749ECDF5CD39F02F5AD561 /* Pods-iFit.debug.xcconfig */;
			buildSettings = {
				ASSETCATALOG_COMPILER_APPICON_NAME = AppIcon;
				CODE_SIGN_STYLE = Manual;
				DEVELOPMENT_TEAM = "";
				INFOPLIST_FILE = iFit/Info.plist;
				LD_RUNPATH_SEARCH_PATHS = (
					"$(inherited)",
					"@executable_path/Frameworks",
				);
				PRODUCT_BUNDLE_IDENTIFIER = shreeji.iFit;
				PRODUCT_NAME = "$(TARGET_NAME)";
				PROVISIONING_PROFILE_SPECIFIER = "";
				SWIFT_VERSION = 5.0;
				TARGETED_DEVICE_FAMILY = "1,2";
			};
			name = Debug;
		};
		4912705B2322BD73008FD145 /* Release */ = {
			isa = XCBuildConfiguration;
			baseConfigurationReference = BD49A51830D57C6F6A088877 /* Pods-iFit.release.xcconfig */;
			buildSettings = {
				ASSETCATALOG_COMPILER_APPICON_NAME = AppIcon;
				CODE_SIGN_STYLE = Manual;
				DEVELOPMENT_TEAM = "";
				INFOPLIST_FILE = iFit/Info.plist;
				LD_RUNPATH_SEARCH_PATHS = (
					"$(inherited)",
					"@executable_path/Frameworks",
				);
				PRODUCT_BUNDLE_IDENTIFIER = shreeji.iFit;
				PRODUCT_NAME = "$(TARGET_NAME)";
				PROVISIONING_PROFILE_SPECIFIER = "";
				SWIFT_VERSION = 5.0;
				TARGETED_DEVICE_FAMILY = "1,2";
			};
			name = Release;
		};
/* End XCBuildConfiguration section */

/* Begin XCConfigurationList section */
		491270422322BD72008FD145 /* Build configuration list for PBXProject "iFit" */ = {
			isa = XCConfigurationList;
			buildConfigurations = (
				491270572322BD73008FD145 /* Debug */,
				491270582322BD73008FD145 /* Release */,
			);
			defaultConfigurationIsVisible = 0;
			defaultConfigurationName = Release;
		};
		491270592322BD73008FD145 /* Build configuration list for PBXNativeTarget "iFit" */ = {
			isa = XCConfigurationList;
			buildConfigurations = (
				4912705A2322BD73008FD145 /* Debug */,
				4912705B2322BD73008FD145 /* Release */,
			);
			defaultConfigurationIsVisible = 0;
			defaultConfigurationName = Release;
		};
/* End XCConfigurationList section */
	};
	rootObject = 4912703F2322BD72008FD145 /* Project object */;
}
